dependencies:
  espressif/esp-dsp:
    component_hash: 42dce32d46ac93dc11f60d368e29a830e9661c7345d794b8a45c343479cae636
    dependencies:
    - name: idf
      require: private
      version: '>=4.2'
    source:
      registry_url: https://components.espressif.com/
      type: service
    version: 1.7.0
  idf:
    source:
      type: idf
    version: 5.4.1
direct_dependencies:
- espressif/esp-dsp
- idf
manifest_hash: 0aa4e5e40abf92415bf8a8981bdd2ce1570b6633a801aee42305fd0bfdb0d330
target: esp32p4
version: 2.0.0
